
Microsoft Visual Studio Solution File, Format Version 12.00
# Visual Studio 15
VisualStudioVersion = 15.0.28307.757
MinimumVisualStudioVersion = 10.0.40219.1
Project("{FAE04EC0-301F-11D3-BF4B-00C04F79EFBC}") = "parallel-task-running-practice", "parallel-task-running-practice\parallel-task-running-practice.csproj", "{F3F0C778-D5D1-4CF8-8638-628C5EC2C6F4}"
EndProject
Global
	GlobalSection(SolutionConfigurationPlatforms) = preSolution
		Debug|Any CPU = Debug|Any CPU
		Release|Any CPU = Release|Any CPU
	EndGlobalSection
	GlobalSection(ProjectConfigurationPlatforms) = postSolution
		{F3F0C778-D5D1-4CF8-8638-628C5EC2C6F4}.Debug|Any CPU.ActiveCfg = Debug|Any CPU
		{F3F0C778-D5D1-4CF8-8638-628C5EC2C6F4}.Debug|Any CPU.Build.0 = Debug|Any CPU
		{F3F0C778-D5D1-4CF8-8638-628C5EC2C6F4}.Release|Any CPU.ActiveCfg = Release|Any CPU
		{F3F0C778-D5D1-4CF8-8638-628C5EC2C6F4}.Release|Any CPU.Build.0 = Release|Any CPU
	EndGlobalSection
	GlobalSection(SolutionProperties) = preSolution
		HideSolutionNode = FALSE
	EndGlobalSection
	GlobalSection(ExtensibilityGlobals) = postSolution
		SolutionGuid = {E61894BB-04BB-4F70-BCEA-88A52EA9673D}
	EndGlobalSection
EndGlobal
